// !$*UTF8*$!
{
	archiveVersion = 1;
	classes = {
	};
	objectVersion = 56;
	objects = {

/* Begin PBXBuildFile section */
		E8ACE70D29E1991E003D86C2 /* ImageDetailsPresenterTests.swift in Sources */ = {isa = PBXBuildFile; fileRef = E8ACE70C29E1991E003D86C2 /* ImageDetailsPresenterTests.swift */; };
		E8ACE71029E19958003D86C2 /* MockImageDetailsViewDelegate.swift in Sources */ = {isa = PBXBuildFile; fileRef = E8ACE70F29E19958003D86C2 /* MockImageDetailsViewDelegate.swift */; };
		E8ACE71229E19CFF003D86C2 /* UIImage+Extensions.swift in Sources */ = {isa = PBXBuildFile; fileRef = E8ACE71129E19CFF003D86C2 /* UIImage+Extensions.swift */; };
		E8EAD19429E0403D0096BB55 /* Assets.xcassets in Resources */ = {isa = PBXBuildFile; fileRef = E8EAD19329E0403D0096BB55 /* Assets.xcassets */; };
		E8EAD19829E0403D0096BB55 /* Preview Assets.xcassets in Resources */ = {isa = PBXBuildFile; fileRef = E8EAD19729E0403D0096BB55 /* Preview Assets.xcassets */; };
		E8EAD1A229E0403E0096BB55 /* ImagesListingPresenterTests.swift in Sources */ = {isa = PBXBuildFile; fileRef = E8EAD1A129E0403E0096BB55 /* ImagesListingPresenterTests.swift */; };
		E8EAD1BB29E040B20096BB55 /* AppDelegate.swift in Sources */ = {isa = PBXBuildFile; fileRef = E8EAD1BA29E040B20096BB55 /* AppDelegate.swift */; };
		E8EAD1C029E0414C0096BB55 /* ImagesListingViewController.swift in Sources */ = {isa = PBXBuildFile; fileRef = E8EAD1BE29E0414C0096BB55 /* ImagesListingViewController.swift */; };
		E8EAD1C129E0414C0096BB55 /* ImagesListingViewController.xib in Resources */ = {isa = PBXBuildFile; fileRef = E8EAD1BF29E0414C0096BB55 /* ImagesListingViewController.xib */; };
		E8EAD1C429E043600096BB55 /* ImagesListingViewDelegate.swift in Sources */ = {isa = PBXBuildFile; fileRef = E8EAD1C329E043600096BB55 /* ImagesListingViewDelegate.swift */; };
		E8EAD1C729E044130096BB55 /* ImagesListingPresenter.swift in Sources */ = {isa = PBXBuildFile; fileRef = E8EAD1C629E044130096BB55 /* ImagesListingPresenter.swift */; };
		E8EAD1C929E044790096BB55 /* ImagesListingPresenterImpl.swift in Sources */ = {isa = PBXBuildFile; fileRef = E8EAD1C829E044790096BB55 /* ImagesListingPresenterImpl.swift */; };
		E8EAD1CD29E048B80096BB55 /* AdTableCell.swift in Sources */ = {isa = PBXBuildFile; fileRef = E8EAD1CB29E048B80096BB55 /* AdTableCell.swift */; };
		E8EAD1CE29E048B80096BB55 /* AdTableCell.xib in Resources */ = {isa = PBXBuildFile; fileRef = E8EAD1CC29E048B80096BB55 /* AdTableCell.xib */; };
		E8EAD1D329E048E00096BB55 /* ImageTableCell.swift in Sources */ = {isa = PBXBuildFile; fileRef = E8EAD1D129E048E00096BB55 /* ImageTableCell.swift */; };
		E8EAD1D429E048E00096BB55 /* ImageTableCell.xib in Resources */ = {isa = PBXBuildFile; fileRef = E8EAD1D229E048E00096BB55 /* ImageTableCell.xib */; };
		E8EAD1D629E048F20096BB55 /* ImageTableCellProtocol.swift in Sources */ = {isa = PBXBuildFile; fileRef = E8EAD1D529E048F20096BB55 /* ImageTableCellProtocol.swift */; };
		E8EAD1D829E049080096BB55 /* AdTableCellProtocol.swift in Sources */ = {isa = PBXBuildFile; fileRef = E8EAD1D729E049080096BB55 /* AdTableCellProtocol.swift */; };
		E8EAD1DC29E0538F0096BB55 /* ImageModel.swift in Sources */ = {isa = PBXBuildFile; fileRef = E8EAD1DB29E0538F0096BB55 /* ImageModel.swift */; };
		E8EAD1DF29E0543F0096BB55 /* APIClient.swift in Sources */ = {isa = PBXBuildFile; fileRef = E8EAD1DE29E0543F0096BB55 /* APIClient.swift */; };
		E8EAD1E229E05A9C0096BB55 /* UnknownError.swift in Sources */ = {isa = PBXBuildFile; fileRef = E8EAD1E129E05A9C0096BB55 /* UnknownError.swift */; };
		E8EAD1E429E05AF20096BB55 /* APIClientImpl.swift in Sources */ = {isa = PBXBuildFile; fileRef = E8EAD1E329E05AF20096BB55 /* APIClientImpl.swift */; };
		E8EAD1E729E05B130096BB55 /* ImagesGateway.swift in Sources */ = {isa = PBXBuildFile; fileRef = E8EAD1E629E05B130096BB55 /* ImagesGateway.swift */; };
		E8EAD1E929E05C4D0096BB55 /* InvalidURL.swift in Sources */ = {isa = PBXBuildFile; fileRef = E8EAD1E829E05C4D0096BB55 /* InvalidURL.swift */; };
		E8EAD1EB29E05CA10096BB55 /* FailedRequest.swift in Sources */ = {isa = PBXBuildFile; fileRef = E8EAD1EA29E05CA10096BB55 /* FailedRequest.swift */; };
		E8EAD1EE29E05DDC0096BB55 /* ImagesUseCase.swift in Sources */ = {isa = PBXBuildFile; fileRef = E8EAD1ED29E05DDC0096BB55 /* ImagesUseCase.swift */; };
		E8EAD1F129E064190096BB55 /* UITableView+Extensions.swift in Sources */ = {isa = PBXBuildFile; fileRef = E8EAD1F029E064180096BB55 /* UITableView+Extensions.swift */; };
		E8EAD1F329E0658F0096BB55 /* ImagesListingSceneConfigurator.swift in Sources */ = {isa = PBXBuildFile; fileRef = E8EAD1F229E0658F0096BB55 /* ImagesListingSceneConfigurator.swift */; };
		E8EAD1F729E069410096BB55 /* UIImageView+Extensions.swift in Sources */ = {isa = PBXBuildFile; fileRef = E8EAD1F629E069410096BB55 /* UIImageView+Extensions.swift */; };
		E8EAD1FA29E06A2C0096BB55 /* SDWebImage in Frameworks */ = {isa = PBXBuildFile; productRef = E8EAD1F929E06A2C0096BB55 /* SDWebImage */; };
		E8EAD1FD29E06CD90096BB55 /* MockImagesListingViewDelegate.swift in Sources */ = {isa = PBXBuildFile; fileRef = E8EAD1FC29E06CD90096BB55 /* MockImagesListingViewDelegate.swift */; };
		E8EAD1FF29E06CFE0096BB55 /* MockImagesUseCase.swift in Sources */ = {isa = PBXBuildFile; fileRef = E8EAD1FE29E06CFE0096BB55 /* MockImagesUseCase.swift */; };
		E8EAD20129E06DC70096BB55 /* MockAdTableCell.swift in Sources */ = {isa = PBXBuildFile; fileRef = E8EAD20029E06DC70096BB55 /* MockAdTableCell.swift */; };
		E8EAD20329E06DD90096BB55 /* MockImageTableCell.swift in Sources */ = {isa = PBXBuildFile; fileRef = E8EAD20229E06DD90096BB55 /* MockImageTableCell.swift */; };
		E8EAD20629E06F540096BB55 /* SDWebImage in Frameworks */ = {isa = PBXBuildFile; productRef = E8EAD20529E06F540096BB55 /* SDWebImage */; };
		E8EAD20829E06FE80096BB55 /* ImageModel+Extensions.swift in Sources */ = {isa = PBXBuildFile; fileRef = E8EAD20729E06FE80096BB55 /* ImageModel+Extensions.swift */; };
		E8EAD20A29E077CA0096BB55 /* UIImage+Extensions.swift in Sources */ = {isa = PBXBuildFile; fileRef = E8EAD20929E077CA0096BB55 /* UIImage+Extensions.swift */; };
		E8EAD20E29E0B2D80096BB55 /* ImageDetailsViewController.swift in Sources */ = {isa = PBXBuildFile; fileRef = E8EAD20C29E0B2D80096BB55 /* ImageDetailsViewController.swift */; };
		E8EAD20F29E0B2D80096BB55 /* ImageDetailsViewController.xib in Resources */ = {isa = PBXBuildFile; fileRef = E8EAD20D29E0B2D80096BB55 /* ImageDetailsViewController.xib */; };
		E8EAD21229E0B33F0096BB55 /* ImageDetailsViewDelegate.swift in Sources */ = {isa = PBXBuildFile; fileRef = E8EAD21129E0B33F0096BB55 /* ImageDetailsViewDelegate.swift */; };
		E8EAD21529E0B36B0096BB55 /* ImageDetailsPresenter.swift in Sources */ = {isa = PBXBuildFile; fileRef = E8EAD21429E0B36B0096BB55 /* ImageDetailsPresenter.swift */; };
		E8EAD21729E0B3760096BB55 /* ImageDetailsPresenterImpl.swift in Sources */ = {isa = PBXBuildFile; fileRef = E8EAD21629E0B3760096BB55 /* ImageDetailsPresenterImpl.swift */; };
		E8EAD21929E0B5500096BB55 /* ImageDetailsSceneConfigurator.swift in Sources */ = {isa = PBXBuildFile; fileRef = E8EAD21829E0B5500096BB55 /* ImageDetailsSceneConfigurator.swift */; };
/* End PBXBuildFile section */

/* Begin PBXContainerItemProxy section */
		E8EAD19E29E0403E0096BB55 /* PBXContainerItemProxy */ = {
			isa = PBXContainerItemProxy;
			containerPortal = E8EAD18429E0403C0096BB55 /* Project object */;
			proxyType = 1;
			remoteGlobalIDString = E8EAD18B29E0403C0096BB55;
			remoteInfo = "images-fetcher";
		};
/* End PBXContainerItemProxy section */

/* Begin PBXFileReference section */
		E8ACE70C29E1991E003D86C2 /* ImageDetailsPresenterTests.swift */ = {isa = PBXFileReference; lastKnownFileType = sourcecode.swift; path = ImageDetailsPresenterTests.swift; sourceTree = "<group>"; };
		E8ACE70F29E19958003D86C2 /* MockImageDetailsViewDelegate.swift */ = {isa = PBXFileReference; lastKnownFileType = sourcecode.swift; path = MockImageDetailsViewDelegate.swift; sourceTree = "<group>"; };
		E8ACE71129E19CFF003D86C2 /* UIImage+Extensions.swift */ = {isa = PBXFileReference; lastKnownFileType = sourcecode.swift; path = "UIImage+Extensions.swift"; sourceTree = "<group>"; };
		E8EAD18C29E0403C0096BB55 /* images-fetcher.app */ = {isa = PBXFileReference; explicitFileType = wrapper.application; includeInIndex = 0; path = "images-fetcher.app"; sourceTree = BUILT_PRODUCTS_DIR; };
		E8EAD19329E0403D0096BB55 /* Assets.xcassets */ = {isa = PBXFileReference; lastKnownFileType = folder.assetcatalog; path = Assets.xcassets; sourceTree = "<group>"; };
		E8EAD19529E0403D0096BB55 /* images_fetcher.entitlements */ = {isa = PBXFileReference; lastKnownFileType = text.plist.entitlements; path = images_fetcher.entitlements; sourceTree = "<group>"; };
		E8EAD19729E0403D0096BB55 /* Preview Assets.xcassets */ = {isa = PBXFileReference; lastKnownFileType = folder.assetcatalog; path = "Preview Assets.xcassets"; sourceTree = "<group>"; };
		E8EAD19D29E0403E0096BB55 /* images-fetcherTests.xctest */ = {isa = PBXFileReference; explicitFileType = wrapper.cfbundle; includeInIndex = 0; path = "images-fetcherTests.xctest"; sourceTree = BUILT_PRODUCTS_DIR; };
		E8EAD1A129E0403E0096BB55 /* ImagesListingPresenterTests.swift */ = {isa = PBXFileReference; lastKnownFileType = sourcecode.swift; path = ImagesListingPresenterTests.swift; sourceTree = "<group>"; };
		E8EAD1BA29E040B20096BB55 /* AppDelegate.swift */ = {isa = PBXFileReference; fileEncoding = 4; lastKnownFileType = sourcecode.swift; path = AppDelegate.swift; sourceTree = "<group>"; };
		E8EAD1BE29E0414C0096BB55 /* ImagesListingViewController.swift */ = {isa = PBXFileReference; lastKnownFileType = sourcecode.swift; path = ImagesListingViewController.swift; sourceTree = "<group>"; };
		E8EAD1BF29E0414C0096BB55 /* ImagesListingViewController.xib */ = {isa = PBXFileReference; lastKnownFileType = file.xib; path = ImagesListingViewController.xib; sourceTree = "<group>"; };
		E8EAD1C329E043600096BB55 /* ImagesListingViewDelegate.swift */ = {isa = PBXFileReference; lastKnownFileType = sourcecode.swift; path = ImagesListingViewDelegate.swift; sourceTree = "<group>"; };
		E8EAD1C629E044130096BB55 /* ImagesListingPresenter.swift */ = {isa = PBXFileReference; lastKnownFileType = sourcecode.swift; path = ImagesListingPresenter.swift; sourceTree = "<group>"; };
		E8EAD1C829E044790096BB55 /* ImagesListingPresenterImpl.swift */ = {isa = PBXFileReference; lastKnownFileType = sourcecode.swift; path = ImagesListingPresenterImpl.swift; sourceTree = "<group>"; };
		E8EAD1CB29E048B80096BB55 /* AdTableCell.swift */ = {isa = PBXFileReference; lastKnownFileType = sourcecode.swift; path = AdTableCell.swift; sourceTree = "<group>"; };
		E8EAD1CC29E048B80096BB55 /* AdTableCell.xib */ = {isa = PBXFileReference; lastKnownFileType = file.xib; path = AdTableCell.xib; sourceTree = "<group>"; };
		E8EAD1D129E048E00096BB55 /* ImageTableCell.swift */ = {isa = PBXFileReference; lastKnownFileType = sourcecode.swift; path = ImageTableCell.swift; sourceTree = "<group>"; };
		E8EAD1D229E048E00096BB55 /* ImageTableCell.xib */ = {isa = PBXFileReference; lastKnownFileType = file.xib; path = ImageTableCell.xib; sourceTree = "<group>"; };
		E8EAD1D529E048F20096BB55 /* ImageTableCellProtocol.swift */ = {isa = PBXFileReference; lastKnownFileType = sourcecode.swift; path = ImageTableCellProtocol.swift; sourceTree = "<group>"; };
		E8EAD1D729E049080096BB55 /* AdTableCellProtocol.swift */ = {isa = PBXFileReference; lastKnownFileType = sourcecode.swift; path = AdTableCellProtocol.swift; sourceTree = "<group>"; };
		E8EAD1DB29E0538F0096BB55 /* ImageModel.swift */ = {isa = PBXFileReference; lastKnownFileType = sourcecode.swift; path = ImageModel.swift; sourceTree = "<group>"; };
		E8EAD1DE29E0543F0096BB55 /* APIClient.swift */ = {isa = PBXFileReference; lastKnownFileType = sourcecode.swift; path = APIClient.swift; sourceTree = "<group>"; };
		E8EAD1E129E05A9C0096BB55 /* UnknownError.swift */ = {isa = PBXFileReference; lastKnownFileType = sourcecode.swift; path = UnknownError.swift; sourceTree = "<group>"; };
		E8EAD1E329E05AF20096BB55 /* APIClientImpl.swift */ = {isa = PBXFileReference; lastKnownFileType = sourcecode.swift; path = APIClientImpl.swift; sourceTree = "<group>"; };
		E8EAD1E629E05B130096BB55 /* ImagesGateway.swift */ = {isa = PBXFileReference; lastKnownFileType = sourcecode.swift; path = ImagesGateway.swift; sourceTree = "<group>"; };
		E8EAD1E829E05C4D0096BB55 /* InvalidURL.swift */ = {isa = PBXFileReference; lastKnownFileType = sourcecode.swift; path = InvalidURL.swift; sourceTree = "<group>"; };
		E8EAD1EA29E05CA10096BB55 /* FailedRequest.swift */ = {isa = PBXFileReference; lastKnownFileType = sourcecode.swift; path = FailedRequest.swift; sourceTree = "<group>"; };
		E8EAD1ED29E05DDC0096BB55 /* ImagesUseCase.swift */ = {isa = PBXFileReference; lastKnownFileType = sourcecode.swift; path = ImagesUseCase.swift; sourceTree = "<group>"; };
		E8EAD1F029E064180096BB55 /* UITableView+Extensions.swift */ = {isa = PBXFileReference; fileEncoding = 4; lastKnownFileType = sourcecode.swift; path = "UITableView+Extensions.swift"; sourceTree = "<group>"; };
		E8EAD1F229E0658F0096BB55 /* ImagesListingSceneConfigurator.swift */ = {isa = PBXFileReference; lastKnownFileType = sourcecode.swift; path = ImagesListingSceneConfigurator.swift; sourceTree = "<group>"; };
		E8EAD1F629E069410096BB55 /* UIImageView+Extensions.swift */ = {isa = PBXFileReference; lastKnownFileType = sourcecode.swift; path = "UIImageView+Extensions.swift"; sourceTree = "<group>"; };
		E8EAD1FC29E06CD90096BB55 /* MockImagesListingViewDelegate.swift */ = {isa = PBXFileReference; lastKnownFileType = sourcecode.swift; path = MockImagesListingViewDelegate.swift; sourceTree = "<group>"; };
		E8EAD1FE29E06CFE0096BB55 /* MockImagesUseCase.swift */ = {isa = PBXFileReference; lastKnownFileType = sourcecode.swift; path = MockImagesUseCase.swift; sourceTree = "<group>"; };
		E8EAD20029E06DC70096BB55 /* MockAdTableCell.swift */ = {isa = PBXFileReference; lastKnownFileType = sourcecode.swift; path = MockAdTableCell.swift; sourceTree = "<group>"; };
		E8EAD20229E06DD90096BB55 /* MockImageTableCell.swift */ = {isa = PBXFileReference; lastKnownFileType = sourcecode.swift; path = MockImageTableCell.swift; sourceTree = "<group>"; };
		E8EAD20729E06FE80096BB55 /* ImageModel+Extensions.swift */ = {isa = PBXFileReference; lastKnownFileType = sourcecode.swift; path = "ImageModel+Extensions.swift"; sourceTree = "<group>"; };
		E8EAD20929E077CA0096BB55 /* UIImage+Extensions.swift */ = {isa = PBXFileReference; lastKnownFileType = sourcecode.swift; path = "UIImage+Extensions.swift"; sourceTree = "<group>"; };
		E8EAD20C29E0B2D80096BB55 /* ImageDetailsViewController.swift */ = {isa = PBXFileReference; lastKnownFileType = sourcecode.swift; path = ImageDetailsViewController.swift; sourceTree = "<group>"; };
		E8EAD20D29E0B2D80096BB55 /* ImageDetailsViewController.xib */ = {isa = PBXFileReference; lastKnownFileType = file.xib; path = ImageDetailsViewController.xib; sourceTree = "<group>"; };
		E8EAD21129E0B33F0096BB55 /* ImageDetailsViewDelegate.swift */ = {isa = PBXFileReference; lastKnownFileType = sourcecode.swift; path = ImageDetailsViewDelegate.swift; sourceTree = "<group>"; };
		E8EAD21429E0B36B0096BB55 /* ImageDetailsPresenter.swift */ = {isa = PBXFileReference; lastKnownFileType = sourcecode.swift; path = ImageDetailsPresenter.swift; sourceTree = "<group>"; };
		E8EAD21629E0B3760096BB55 /* ImageDetailsPresenterImpl.swift */ = {isa = PBXFileReference; lastKnownFileType = sourcecode.swift; path = ImageDetailsPresenterImpl.swift; sourceTree = "<group>"; };
		E8EAD21829E0B5500096BB55 /* ImageDetailsSceneConfigurator.swift */ = {isa = PBXFileReference; lastKnownFileType = sourcecode.swift; path = ImageDetailsSceneConfigurator.swift; sourceTree = "<group>"; };
/* End PBXFileReference section */

/* Begin PBXFrameworksBuildPhase section */
		E8EAD18929E0403C0096BB55 /* Frameworks */ = {
			isa = PBXFrameworksBuildPhase;
			buildActionMask = 2147483647;
			files = (
				E8EAD1FA29E06A2C0096BB55 /* SDWebImage in Frameworks */,
			);
			runOnlyForDeploymentPostprocessing = 0;
		};
		E8EAD19A29E0403E0096BB55 /* Frameworks */ = {
			isa = PBXFrameworksBuildPhase;
			buildActionMask = 2147483647;
			files = (
				E8EAD20629E06F540096BB55 /* SDWebImage in Frameworks */,
			);
			runOnlyForDeploymentPostprocessing = 0;
		};
/* End PBXFrameworksBuildPhase section */

/* Begin PBXGroup section */
		E8ACE70A29E198FB003D86C2 /* ImagesListing */ = {
			isa = PBXGroup;
			children = (
				E8EAD1FB29E06CCC0096BB55 /* Mocks */,
				E8EAD1A129E0403E0096BB55 /* ImagesListingPresenterTests.swift */,
			);
			path = ImagesListing;
			sourceTree = "<group>";
		};
		E8ACE70B29E1990F003D86C2 /* ImageDetails */ = {
			isa = PBXGroup;
			children = (
				E8ACE70E29E1994D003D86C2 /* Mocks */,
				E8ACE70C29E1991E003D86C2 /* ImageDetailsPresenterTests.swift */,
			);
			path = ImageDetails;
			sourceTree = "<group>";
		};
		E8ACE70E29E1994D003D86C2 /* Mocks */ = {
			isa = PBXGroup;
			children = (
				E8ACE70F29E19958003D86C2 /* MockImageDetailsViewDelegate.swift */,
				E8ACE71129E19CFF003D86C2 /* UIImage+Extensions.swift */,
			);
			path = Mocks;
			sourceTree = "<group>";
		};
		E8EAD18329E0403C0096BB55 = {
			isa = PBXGroup;
			children = (
				E8EAD18E29E0403C0096BB55 /* images-fetcher */,
				E8EAD1A029E0403E0096BB55 /* images-fetcherTests */,
				E8EAD18D29E0403C0096BB55 /* Products */,
				E8EAD20429E06F540096BB55 /* Frameworks */,
			);
			sourceTree = "<group>";
		};
		E8EAD18D29E0403C0096BB55 /* Products */ = {
			isa = PBXGroup;
			children = (
				E8EAD18C29E0403C0096BB55 /* images-fetcher.app */,
				E8EAD19D29E0403E0096BB55 /* images-fetcherTests.xctest */,
			);
			name = Products;
			sourceTree = "<group>";
		};
		E8EAD18E29E0403C0096BB55 /* images-fetcher */ = {
			isa = PBXGroup;
			children = (
				E8EAD1BA29E040B20096BB55 /* AppDelegate.swift */,
				E8EAD19329E0403D0096BB55 /* Assets.xcassets */,
				E8EAD19529E0403D0096BB55 /* images_fetcher.entitlements */,
				E8EAD1BC29E041190096BB55 /* Modules */,
				E8EAD1EC29E05DD00096BB55 /* Domain */,
				E8EAD1D929E0536D0096BB55 /* Data */,
				E8EAD1EF29E064010096BB55 /* Extensions */,
				E8EAD19629E0403D0096BB55 /* Preview Content */,
			);
			path = "images-fetcher";
			sourceTree = "<group>";
		};
		E8EAD19629E0403D0096BB55 /* Preview Content */ = {
			isa = PBXGroup;
			children = (
				E8EAD19729E0403D0096BB55 /* Preview Assets.xcassets */,
			);
			path = "Preview Content";
			sourceTree = "<group>";
		};
		E8EAD1A029E0403E0096BB55 /* images-fetcherTests */ = {
			isa = PBXGroup;
			children = (
				E8ACE70A29E198FB003D86C2 /* ImagesListing */,
				E8ACE70B29E1990F003D86C2 /* ImageDetails */,
			);
			path = "images-fetcherTests";
			sourceTree = "<group>";
		};
		E8EAD1BC29E041190096BB55 /* Modules */ = {
			isa = PBXGroup;
			children = (
				E8EAD1BD29E041280096BB55 /* ImagesListing */,
				E8EAD20B29E077F40096BB55 /* ImageDetails */,
			);
			path = Modules;
			sourceTree = "<group>";
		};
		E8EAD1BD29E041280096BB55 /* ImagesListing */ = {
			isa = PBXGroup;
			children = (
				E8EAD1C229E043410096BB55 /* View */,
				E8EAD1C529E044060096BB55 /* Presenter */,
				E8EAD1F229E0658F0096BB55 /* ImagesListingSceneConfigurator.swift */,
			);
			path = ImagesListing;
			sourceTree = "<group>";
		};
		E8EAD1C229E043410096BB55 /* View */ = {
			isa = PBXGroup;
			children = (
				E8EAD1CA29E048900096BB55 /* AdCell */,
				E8EAD1CF29E048CD0096BB55 /* ImageCell */,
				E8EAD1BF29E0414C0096BB55 /* ImagesListingViewController.xib */,
				E8EAD1BE29E0414C0096BB55 /* ImagesListingViewController.swift */,
				E8EAD1C329E043600096BB55 /* ImagesListingViewDelegate.swift */,
			);
			path = View;
			sourceTree = "<group>";
		};
		E8EAD1C529E044060096BB55 /* Presenter */ = {
			isa = PBXGroup;
			children = (
				E8EAD1C629E044130096BB55 /* ImagesListingPresenter.swift */,
				E8EAD1C829E044790096BB55 /* ImagesListingPresenterImpl.swift */,
			);
			path = Presenter;
			sourceTree = "<group>";
		};
		E8EAD1CA29E048900096BB55 /* AdCell */ = {
			isa = PBXGroup;
			children = (
				E8EAD1CC29E048B80096BB55 /* AdTableCell.xib */,
				E8EAD1CB29E048B80096BB55 /* AdTableCell.swift */,
				E8EAD1D729E049080096BB55 /* AdTableCellProtocol.swift */,
			);
			path = AdCell;
			sourceTree = "<group>";
		};
		E8EAD1CF29E048CD0096BB55 /* ImageCell */ = {
			isa = PBXGroup;
			children = (
				E8EAD1D229E048E00096BB55 /* ImageTableCell.xib */,
				E8EAD1D129E048E00096BB55 /* ImageTableCell.swift */,
				E8EAD1D529E048F20096BB55 /* ImageTableCellProtocol.swift */,
			);
			path = ImageCell;
			sourceTree = "<group>";
		};
		E8EAD1D929E0536D0096BB55 /* Data */ = {
			isa = PBXGroup;
			children = (
				E8EAD1E529E05B020096BB55 /* Gateways */,
				E8EAD1DD29E054230096BB55 /* Network */,
				E8EAD1DA29E053780096BB55 /* Model */,
				E8EAD1E029E05A920096BB55 /* Error */,
			);
			path = Data;
			sourceTree = "<group>";
		};
		E8EAD1DA29E053780096BB55 /* Model */ = {
			isa = PBXGroup;
			children = (
				E8EAD1DB29E0538F0096BB55 /* ImageModel.swift */,
			);
			path = Model;
			sourceTree = "<group>";
		};
		E8EAD1DD29E054230096BB55 /* Network */ = {
			isa = PBXGroup;
			children = (
				E8EAD1DE29E0543F0096BB55 /* APIClient.swift */,
				E8EAD1E329E05AF20096BB55 /* APIClientImpl.swift */,
			);
			path = Network;
			sourceTree = "<group>";
		};
		E8EAD1E029E05A920096BB55 /* Error */ = {
			isa = PBXGroup;
			children = (
				E8EAD1E129E05A9C0096BB55 /* UnknownError.swift */,
				E8EAD1E829E05C4D0096BB55 /* InvalidURL.swift */,
				E8EAD1EA29E05CA10096BB55 /* FailedRequest.swift */,
			);
			path = Error;
			sourceTree = "<group>";
		};
		E8EAD1E529E05B020096BB55 /* Gateways */ = {
			isa = PBXGroup;
			children = (
				E8EAD1E629E05B130096BB55 /* ImagesGateway.swift */,
			);
			path = Gateways;
			sourceTree = "<group>";
		};
		E8EAD1EC29E05DD00096BB55 /* Domain */ = {
			isa = PBXGroup;
			children = (
				E8EAD1ED29E05DDC0096BB55 /* ImagesUseCase.swift */,
			);
			path = Domain;
			sourceTree = "<group>";
		};
		E8EAD1EF29E064010096BB55 /* Extensions */ = {
			isa = PBXGroup;
			children = (
				E8EAD1F029E064180096BB55 /* UITableView+Extensions.swift */,
				E8EAD1F629E069410096BB55 /* UIImageView+Extensions.swift */,
				E8EAD20929E077CA0096BB55 /* UIImage+Extensions.swift */,
			);
			path = Extensions;
			sourceTree = "<group>";
		};
		E8EAD1FB29E06CCC0096BB55 /* Mocks */ = {
			isa = PBXGroup;
			children = (
				E8EAD1FC29E06CD90096BB55 /* MockImagesListingViewDelegate.swift */,
				E8EAD1FE29E06CFE0096BB55 /* MockImagesUseCase.swift */,
				E8EAD20029E06DC70096BB55 /* MockAdTableCell.swift */,
				E8EAD20229E06DD90096BB55 /* MockImageTableCell.swift */,
				E8EAD20729E06FE80096BB55 /* ImageModel+Extensions.swift */,
			);
			path = Mocks;
			sourceTree = "<group>";
		};
		E8EAD20429E06F540096BB55 /* Frameworks */ = {
			isa = PBXGroup;
			children = (
			);
			name = Frameworks;
			sourceTree = "<group>";
		};
		E8EAD20B29E077F40096BB55 /* ImageDetails */ = {
			isa = PBXGroup;
			children = (
				E8EAD21029E0B32F0096BB55 /* View */,
				E8EAD21329E0B3580096BB55 /* Presenter */,
				E8EAD21829E0B5500096BB55 /* ImageDetailsSceneConfigurator.swift */,
			);
			path = ImageDetails;
			sourceTree = "<group>";
		};
		E8EAD21029E0B32F0096BB55 /* View */ = {
			isa = PBXGroup;
			children = (
				E8EAD20D29E0B2D80096BB55 /* ImageDetailsViewController.xib */,
				E8EAD20C29E0B2D80096BB55 /* ImageDetailsViewController.swift */,
				E8EAD21129E0B33F0096BB55 /* ImageDetailsViewDelegate.swift */,
			);
			path = View;
			sourceTree = "<group>";
		};
		E8EAD21329E0B3580096BB55 /* Presenter */ = {
			isa = PBXGroup;
			children = (
				E8EAD21429E0B36B0096BB55 /* ImageDetailsPresenter.swift */,
				E8EAD21629E0B3760096BB55 /* ImageDetailsPresenterImpl.swift */,
			);
			path = Presenter;
			sourceTree = "<group>";
		};
/* End PBXGroup section */

/* Begin PBXNativeTarget section */
		E8EAD18B29E0403C0096BB55 /* images-fetcher */ = {
			isa = PBXNativeTarget;
			buildConfigurationList = E8EAD1B129E0403E0096BB55 /* Build configuration list for PBXNativeTarget "images-fetcher" */;
			buildPhases = (
				E8EAD18829E0403C0096BB55 /* Sources */,
				E8EAD18929E0403C0096BB55 /* Frameworks */,
				E8EAD18A29E0403C0096BB55 /* Resources */,
			);
			buildRules = (
			);
			dependencies = (
			);
			name = "images-fetcher";
			packageProductDependencies = (
				E8EAD1F929E06A2C0096BB55 /* SDWebImage */,
			);
			productName = "images-fetcher";
			productReference = E8EAD18C29E0403C0096BB55 /* images-fetcher.app */;
			productType = "com.apple.product-type.application";
		};
		E8EAD19C29E0403E0096BB55 /* images-fetcherTests */ = {
			isa = PBXNativeTarget;
			buildConfigurationList = E8EAD1B429E0403E0096BB55 /* Build configuration list for PBXNativeTarget "images-fetcherTests" */;
			buildPhases = (
				E8EAD19929E0403E0096BB55 /* Sources */,
				E8EAD19A29E0403E0096BB55 /* Frameworks */,
				E8EAD19B29E0403E0096BB55 /* Resources */,
			);
			buildRules = (
			);
			dependencies = (
				E8EAD19F29E0403E0096BB55 /* PBXTargetDependency */,
			);
			name = "images-fetcherTests";
			packageProductDependencies = (
				E8EAD20529E06F540096BB55 /* SDWebImage */,
			);
			productName = "images-fetcherTests";
			productReference = E8EAD19D29E0403E0096BB55 /* images-fetcherTests.xctest */;
			productType = "com.apple.product-type.bundle.unit-test";
		};
/* End PBXNativeTarget section */

/* Begin PBXProject section */
		E8EAD18429E0403C0096BB55 /* Project object */ = {
			isa = PBXProject;
			attributes = {
				BuildIndependentTargetsInParallel = 1;
				LastSwiftUpdateCheck = 1400;
				LastUpgradeCheck = 1400;
				TargetAttributes = {
					E8EAD18B29E0403C0096BB55 = {
						CreatedOnToolsVersion = 14.0;
					};
					E8EAD19C29E0403E0096BB55 = {
						CreatedOnToolsVersion = 14.0;
						TestTargetID = E8EAD18B29E0403C0096BB55;
					};
				};
			};
			buildConfigurationList = E8EAD18729E0403C0096BB55 /* Build configuration list for PBXProject "images-fetcher" */;
			compatibilityVersion = "Xcode 14.0";
			developmentRegion = en;
			hasScannedForEncodings = 0;
			knownRegions = (
				en,
				Base,
			);
			mainGroup = E8EAD18329E0403C0096BB55;
			packageReferences = (
				E8EAD1F829E06A2C0096BB55 /* XCRemoteSwiftPackageReference "SDWebImage" */,
			);
			productRefGroup = E8EAD18D29E0403C0096BB55 /* Products */;
			projectDirPath = "";
			projectRoot = "";
			targets = (
				E8EAD18B29E0403C0096BB55 /* images-fetcher */,
				E8EAD19C29E0403E0096BB55 /* images-fetcherTests */,
			);
		};
/* End PBXProject section */

/* Begin PBXResourcesBuildPhase section */
		E8EAD18A29E0403C0096BB55 /* Resources */ = {
			isa = PBXResourcesBuildPhase;
			buildActionMask = 2147483647;
			files = (
				E8EAD19829E0403D0096BB55 /* Preview Assets.xcassets in Resources */,
				E8EAD1CE29E048B80096BB55 /* AdTableCell.xib in Resources */,
				E8EAD19429E0403D0096BB55 /* Assets.xcassets in Resources */,
				E8EAD20F29E0B2D80096BB55 /* ImageDetailsViewController.xib in Resources */,
				E8EAD1D429E048E00096BB55 /* ImageTableCell.xib in Resources */,
				E8EAD1C129E0414C0096BB55 /* ImagesListingViewController.xib in Resources */,
			);
			runOnlyForDeploymentPostprocessing = 0;
		};
		E8EAD19B29E0403E0096BB55 /* Resources */ = {
			isa = PBXResourcesBuildPhase;
			buildActionMask = 2147483647;
			files = (
			);
			runOnlyForDeploymentPostprocessing = 0;
		};
/* End PBXResourcesBuildPhase section */

/* Begin PBXSourcesBuildPhase section */
		E8EAD18829E0403C0096BB55 /* Sources */ = {
			isa = PBXSourcesBuildPhase;
			buildActionMask = 2147483647;
			files = (
				E8EAD1D829E049080096BB55 /* AdTableCellProtocol.swift in Sources */,
				E8EAD1DC29E0538F0096BB55 /* ImageModel.swift in Sources */,
				E8EAD1E729E05B130096BB55 /* ImagesGateway.swift in Sources */,
				E8EAD20A29E077CA0096BB55 /* UIImage+Extensions.swift in Sources */,
				E8EAD1BB29E040B20096BB55 /* AppDelegate.swift in Sources */,
				E8EAD1C429E043600096BB55 /* ImagesListingViewDelegate.swift in Sources */,
				E8EAD21929E0B5500096BB55 /* ImageDetailsSceneConfigurator.swift in Sources */,
				E8EAD1C029E0414C0096BB55 /* ImagesListingViewController.swift in Sources */,
				E8EAD21529E0B36B0096BB55 /* ImageDetailsPresenter.swift in Sources */,
				E8EAD1DF29E0543F0096BB55 /* APIClient.swift in Sources */,
				E8EAD21229E0B33F0096BB55 /* ImageDetailsViewDelegate.swift in Sources */,
				E8EAD1C729E044130096BB55 /* ImagesListingPresenter.swift in Sources */,
				E8EAD1EE29E05DDC0096BB55 /* ImagesUseCase.swift in Sources */,
				E8EAD1F129E064190096BB55 /* UITableView+Extensions.swift in Sources */,
				E8EAD1E929E05C4D0096BB55 /* InvalidURL.swift in Sources */,
				E8EAD1E229E05A9C0096BB55 /* UnknownError.swift in Sources */,
				E8EAD1D629E048F20096BB55 /* ImageTableCellProtocol.swift in Sources */,
				E8EAD1E429E05AF20096BB55 /* APIClientImpl.swift in Sources */,
				E8EAD1F729E069410096BB55 /* UIImageView+Extensions.swift in Sources */,
				E8EAD21729E0B3760096BB55 /* ImageDetailsPresenterImpl.swift in Sources */,
				E8EAD1EB29E05CA10096BB55 /* FailedRequest.swift in Sources */,
				E8EAD1F329E0658F0096BB55 /* ImagesListingSceneConfigurator.swift in Sources */,
				E8EAD1C929E044790096BB55 /* ImagesListingPresenterImpl.swift in Sources */,
				E8EAD1D329E048E00096BB55 /* ImageTableCell.swift in Sources */,
				E8EAD20E29E0B2D80096BB55 /* ImageDetailsViewController.swift in Sources */,
				E8EAD1CD29E048B80096BB55 /* AdTableCell.swift in Sources */,
			);
			runOnlyForDeploymentPostprocessing = 0;
		};
		E8EAD19929E0403E0096BB55 /* Sources */ = {
			isa = PBXSourcesBuildPhase;
			buildActionMask = 2147483647;
			files = (
				E8EAD1FD29E06CD90096BB55 /* MockImagesListingViewDelegate.swift in Sources */,
				E8EAD20829E06FE80096BB55 /* ImageModel+Extensions.swift in Sources */,
				E8EAD1FF29E06CFE0096BB55 /* MockImagesUseCase.swift in Sources */,
				E8EAD20329E06DD90096BB55 /* MockImageTableCell.swift in Sources */,
				E8ACE70D29E1991E003D86C2 /* ImageDetailsPresenterTests.swift in Sources */,
				E8EAD1A229E0403E0096BB55 /* ImagesListingPresenterTests.swift in Sources */,
				E8ACE71229E19CFF003D86C2 /* UIImage+Extensions.swift in Sources */,
				E8ACE71029E19958003D86C2 /* MockImageDetailsViewDelegate.swift in Sources */,
				E8EAD20129E06DC70096BB55 /* MockAdTableCell.swift in Sources */,
			);
			runOnlyForDeploymentPostprocessing = 0;
		};
/* End PBXSourcesBuildPhase section */

/* Begin PBXTargetDependency section */
		E8EAD19F29E0403E0096BB55 /* PBXTargetDependency */ = {
			isa = PBXTargetDependency;
			target = E8EAD18B29E0403C0096BB55 /* images-fetcher */;
			targetProxy = E8EAD19E29E0403E0096BB55 /* PBXContainerItemProxy */;
		};
/* End PBXTargetDependency section */

/* Begin XCBuildConfiguration section */
		E8EAD1AF29E0403E0096BB55 /* Debug */ = {
			isa = XCBuildConfiguration;
			buildSettings = {
				ALWAYS_SEARCH_USER_PATHS = NO;
				CLANG_ANALYZER_NONNULL = YES;
				CLANG_ANALYZER_NUMBER_OBJECT_CONVERSION = YES_AGGRESSIVE;
				CLANG_CXX_LANGUAGE_STANDARD = "gnu++20";
				CLANG_ENABLE_MODULES = YES;
				CLANG_ENABLE_OBJC_ARC = YES;
				CLANG_ENABLE_OBJC_WEAK = YES;
				CLANG_WARN_BLOCK_CAPTURE_AUTORELEASING = YES;
				CLANG_WARN_BOOL_CONVERSION = YES;
				CLANG_WARN_COMMA = YES;
				CLANG_WARN_CONSTANT_CONVERSION = YES;
				CLANG_WARN_DEPRECATED_OBJC_IMPLEMENTATIONS = YES;
				CLANG_WARN_DIRECT_OBJC_ISA_USAGE = YES_ERROR;
				CLANG_WARN_DOCUMENTATION_COMMENTS = YES;
				CLANG_WARN_EMPTY_BODY = YES;
				CLANG_WARN_ENUM_CONVERSION = YES;
				CLANG_WARN_INFINITE_RECURSION = YES;
				CLANG_WARN_INT_CONVERSION = YES;
				CLANG_WARN_NON_LITERAL_NULL_CONVERSION = YES;
				CLANG_WARN_OBJC_IMPLICIT_RETAIN_SELF = YES;
				CLANG_WARN_OBJC_LITERAL_CONVERSION = YES;
				CLANG_WARN_OBJC_ROOT_CLASS = YES_ERROR;
				CLANG_WARN_QUOTED_INCLUDE_IN_FRAMEWORK_HEADER = YES;
				CLANG_WARN_RANGE_LOOP_ANALYSIS = YES;
				CLANG_WARN_STRICT_PROTOTYPES = YES;
				CLANG_WARN_SUSPICIOUS_MOVE = YES;
				CLANG_WARN_UNGUARDED_AVAILABILITY = YES_AGGRESSIVE;
				CLANG_WARN_UNREACHABLE_CODE = YES;
				CLANG_WARN__DUPLICATE_METHOD_MATCH = YES;
				COPY_PHASE_STRIP = NO;
				DEBUG_INFORMATION_FORMAT = dwarf;
				ENABLE_STRICT_OBJC_MSGSEND = YES;
				ENABLE_TESTABILITY = YES;
				GCC_C_LANGUAGE_STANDARD = gnu11;
				GCC_DYNAMIC_NO_PIC = NO;
				GCC_NO_COMMON_BLOCKS = YES;
				GCC_OPTIMIZATION_LEVEL = 0;
				GCC_PREPROCESSOR_DEFINITIONS = (
					"DEBUG=1",
					"$(inherited)",
				);
				GCC_WARN_64_TO_32_BIT_CONVERSION = YES;
				GCC_WARN_ABOUT_RETURN_TYPE = YES_ERROR;
				GCC_WARN_UNDECLARED_SELECTOR = YES;
				GCC_WARN_UNINITIALIZED_AUTOS = YES_AGGRESSIVE;
				GCC_WARN_UNUSED_FUNCTION = YES;
				GCC_WARN_UNUSED_VARIABLE = YES;
				MTL_ENABLE_DEBUG_INFO = INCLUDE_SOURCE;
				MTL_FAST_MATH = YES;
				ONLY_ACTIVE_ARCH = YES;
				SWIFT_ACTIVE_COMPILATION_CONDITIONS = DEBUG;
				SWIFT_OPTIMIZATION_LEVEL = "-Onone";
			};
			name = Debug;
		};
		E8EAD1B029E0403E0096BB55 /* Release */ = {
			isa = XCBuildConfiguration;
			buildSettings = {
				ALWAYS_SEARCH_USER_PATHS = NO;
				CLANG_ANALYZER_NONNULL = YES;
				CLANG_ANALYZER_NUMBER_OBJECT_CONVERSION = YES_AGGRESSIVE;
				CLANG_CXX_LANGUAGE_STANDARD = "gnu++20";
				CLANG_ENABLE_MODULES = YES;
				CLANG_ENABLE_OBJC_ARC = YES;
				CLANG_ENABLE_OBJC_WEAK = YES;
				CLANG_WARN_BLOCK_CAPTURE_AUTORELEASING = YES;
				CLANG_WARN_BOOL_CONVERSION = YES;
				CLANG_WARN_COMMA = YES;
				CLANG_WARN_CONSTANT_CONVERSION = YES;
				CLANG_WARN_DEPRECATED_OBJC_IMPLEMENTATIONS = YES;
				CLANG_WARN_DIRECT_OBJC_ISA_USAGE = YES_ERROR;
				CLANG_WARN_DOCUMENTATION_COMMENTS = YES;
				CLANG_WARN_EMPTY_BODY = YES;
				CLANG_WARN_ENUM_CONVERSION = YES;
				CLANG_WARN_INFINITE_RECURSION = YES;
				CLANG_WARN_INT_CONVERSION = YES;
				CLANG_WARN_NON_LITERAL_NULL_CONVERSION = YES;
				CLANG_WARN_OBJC_IMPLICIT_RETAIN_SELF = YES;
				CLANG_WARN_OBJC_LITERAL_CONVERSION = YES;
				CLANG_WARN_OBJC_ROOT_CLASS = YES_ERROR;
				CLANG_WARN_QUOTED_INCLUDE_IN_FRAMEWORK_HEADER = YES;
				CLANG_WARN_RANGE_LOOP_ANALYSIS = YES;
				CLANG_WARN_STRICT_PROTOTYPES = YES;
				CLANG_WARN_SUSPICIOUS_MOVE = YES;
				CLANG_WARN_UNGUARDED_AVAILABILITY = YES_AGGRESSIVE;
				CLANG_WARN_UNREACHABLE_CODE = YES;
				CLANG_WARN__DUPLICATE_METHOD_MATCH = YES;
				COPY_PHASE_STRIP = NO;
				DEBUG_INFORMATION_FORMAT = "dwarf-with-dsym";
				ENABLE_NS_ASSERTIONS = NO;
				ENABLE_STRICT_OBJC_MSGSEND = YES;
				GCC_C_LANGUAGE_STANDARD = gnu11;
				GCC_NO_COMMON_BLOCKS = YES;
				GCC_WARN_64_TO_32_BIT_CONVERSION = YES;
				GCC_WARN_ABOUT_RETURN_TYPE = YES_ERROR;
				GCC_WARN_UNDECLARED_SELECTOR = YES;
				GCC_WARN_UNINITIALIZED_AUTOS = YES_AGGRESSIVE;
				GCC_WARN_UNUSED_FUNCTION = YES;
				GCC_WARN_UNUSED_VARIABLE = YES;
				MTL_ENABLE_DEBUG_INFO = NO;
				MTL_FAST_MATH = YES;
				SWIFT_COMPILATION_MODE = wholemodule;
				SWIFT_OPTIMIZATION_LEVEL = "-O";
			};
			name = Release;
		};
		E8EAD1B229E0403E0096BB55 /* Debug */ = {
			isa = XCBuildConfiguration;
			buildSettings = {
				ASSETCATALOG_COMPILER_APPICON_NAME = AppIcon;
				ASSETCATALOG_COMPILER_GLOBAL_ACCENT_COLOR_NAME = AccentColor;
				CODE_SIGN_ENTITLEMENTS = "images-fetcher/images_fetcher.entitlements";
				CODE_SIGN_STYLE = Automatic;
				CURRENT_PROJECT_VERSION = 1;
				DEVELOPMENT_ASSET_PATHS = "\"images-fetcher/Preview Content\"";
				ENABLE_PREVIEWS = YES;
				GENERATE_INFOPLIST_FILE = YES;
				INFOPLIST_KEY_UIApplicationSceneManifest_Generation = NO;
				"INFOPLIST_KEY_UIApplicationSceneManifest_Generation[sdk=iphoneos*]" = NO;
				"INFOPLIST_KEY_UIApplicationSceneManifest_Generation[sdk=iphonesimulator*]" = NO;
				"INFOPLIST_KEY_UIApplicationSupportsIndirectInputEvents[sdk=iphoneos*]" = YES;
				"INFOPLIST_KEY_UIApplicationSupportsIndirectInputEvents[sdk=iphonesimulator*]" = YES;
				"INFOPLIST_KEY_UILaunchScreen_Generation[sdk=iphoneos*]" = YES;
				"INFOPLIST_KEY_UILaunchScreen_Generation[sdk=iphonesimulator*]" = YES;
				"INFOPLIST_KEY_UIStatusBarStyle[sdk=iphoneos*]" = UIStatusBarStyleDefault;
				"INFOPLIST_KEY_UIStatusBarStyle[sdk=iphonesimulator*]" = UIStatusBarStyleDefault;
				INFOPLIST_KEY_UISupportedInterfaceOrientations_iPad = "UIInterfaceOrientationPortrait UIInterfaceOrientationPortraitUpsideDown UIInterfaceOrientationLandscapeLeft UIInterfaceOrientationLandscapeRight";
				INFOPLIST_KEY_UISupportedInterfaceOrientations_iPhone = "UIInterfaceOrientationPortrait UIInterfaceOrientationLandscapeLeft UIInterfaceOrientationLandscapeRight";
				IPHONEOS_DEPLOYMENT_TARGET = 15.0;
				LD_RUNPATH_SEARCH_PATHS = "@executable_path/Frameworks";
				"LD_RUNPATH_SEARCH_PATHS[sdk=macosx*]" = "@executable_path/../Frameworks";
				MACOSX_DEPLOYMENT_TARGET = 12.3;
				MARKETING_VERSION = 1.0;
				PRODUCT_BUNDLE_IDENTIFIER = "vf.images-fetcher";
				PRODUCT_NAME = "$(TARGET_NAME)";
				SDKROOT = auto;
				SUPPORTED_PLATFORMS = "iphoneos iphonesimulator";
				SUPPORTS_MACCATALYST = NO;
				SUPPORTS_MAC_DESIGNED_FOR_IPHONE_IPAD = NO;
				SWIFT_EMIT_LOC_STRINGS = YES;
				SWIFT_VERSION = 5.0;
				TARGETED_DEVICE_FAMILY = "1,2";
			};
			name = Debug;
		};
		E8EAD1B329E0403E0096BB55 /* Release */ = {
			isa = XCBuildConfiguration;
			buildSettings = {
				ASSETCATALOG_COMPILER_APPICON_NAME = AppIcon;
				ASSETCATALOG_COMPILER_GLOBAL_ACCENT_COLOR_NAME = AccentColor;
				CODE_SIGN_ENTITLEMENTS = "images-fetcher/images_fetcher.entitlements";
				CODE_SIGN_STYLE = Automatic;
				CURRENT_PROJECT_VERSION = 1;
				DEVELOPMENT_ASSET_PATHS = "\"images-fetcher/Preview Content\"";
				ENABLE_PREVIEWS = YES;
				GENERATE_INFOPLIST_FILE = YES;
				INFOPLIST_KEY_UIApplicationSceneManifest_Generation = NO;
				"INFOPLIST_KEY_UIApplicationSceneManifest_Generation[sdk=iphoneos*]" = NO;
				"INFOPLIST_KEY_UIApplicationSceneManifest_Generation[sdk=iphonesimulator*]" = NO;
				"INFOPLIST_KEY_UIApplicationSupportsIndirectInputEvents[sdk=iphoneos*]" = YES;
				"INFOPLIST_KEY_UIApplicationSupportsIndirectInputEvents[sdk=iphonesimulator*]" = YES;
				"INFOPLIST_KEY_UILaunchScreen_Generation[sdk=iphoneos*]" = YES;
				"INFOPLIST_KEY_UILaunchScreen_Generation[sdk=iphonesimulator*]" = YES;
				"INFOPLIST_KEY_UIStatusBarStyle[sdk=iphoneos*]" = UIStatusBarStyleDefault;
				"INFOPLIST_KEY_UIStatusBarStyle[sdk=iphonesimulator*]" = UIStatusBarStyleDefault;
				INFOPLIST_KEY_UISupportedInterfaceOrientations_iPad = "UIInterfaceOrientationPortrait UIInterfaceOrientationPortraitUpsideDown UIInterfaceOrientationLandscapeLeft UIInterfaceOrientationLandscapeRight";
				INFOPLIST_KEY_UISupportedInterfaceOrientations_iPhone = "UIInterfaceOrientationPortrait UIInterfaceOrientationLandscapeLeft UIInterfaceOrientationLandscapeRight";
				IPHONEOS_DEPLOYMENT_TARGET = 15.0;
				LD_RUNPATH_SEARCH_PATHS = "@executable_path/Frameworks";
				"LD_RUNPATH_SEARCH_PATHS[sdk=macosx*]" = "@executable_path/../Frameworks";
				MACOSX_DEPLOYMENT_TARGET = 12.3;
				MARKETING_VERSION = 1.0;
				PRODUCT_BUNDLE_IDENTIFIER = "vf.images-fetcher";
				PRODUCT_NAME = "$(TARGET_NAME)";
				SDKROOT = auto;
				SUPPORTED_PLATFORMS = "iphoneos iphonesimulator";
				SUPPORTS_MACCATALYST = NO;
				SUPPORTS_MAC_DESIGNED_FOR_IPHONE_IPAD = NO;
				SWIFT_EMIT_LOC_STRINGS = YES;
				SWIFT_VERSION = 5.0;
				TARGETED_DEVICE_FAMILY = "1,2";
			};
			name = Release;
		};
		E8EAD1B529E0403E0096BB55 /* Debug */ = {
			isa = XCBuildConfiguration;
			buildSettings = {
				ALWAYS_EMBED_SWIFT_STANDARD_LIBRARIES = YES;
				BUNDLE_LOADER = "$(TEST_HOST)";
				CODE_SIGN_STYLE = Automatic;
				CURRENT_PROJECT_VERSION = 1;
				GENERATE_INFOPLIST_FILE = YES;
				IPHONEOS_DEPLOYMENT_TARGET = 15.0;
				MACOSX_DEPLOYMENT_TARGET = 12.3;
				MARKETING_VERSION = 1.0;
				PRODUCT_BUNDLE_IDENTIFIER = "vf.images-fetcherTests";
				PRODUCT_NAME = "$(TARGET_NAME)";
				SDKROOT = auto;
				SUPPORTED_PLATFORMS = "iphoneos iphonesimulator";
				SUPPORTS_MACCATALYST = NO;
				SUPPORTS_MAC_DESIGNED_FOR_IPHONE_IPAD = NO;
				SWIFT_EMIT_LOC_STRINGS = NO;
				SWIFT_VERSION = 5.0;
				TARGETED_DEVICE_FAMILY = "1,2";
				TEST_HOST = "$(BUILT_PRODUCTS_DIR)/images-fetcher.app/$(BUNDLE_EXECUTABLE_FOLDER_PATH)/images-fetcher";
			};
			name = Debug;
		};
		E8EAD1B629E0403E0096BB55 /* Release */ = {
			isa = XCBuildConfiguration;
			buildSettings = {
				ALWAYS_EMBED_SWIFT_STANDARD_LIBRARIES = YES;
				BUNDLE_LOADER = "$(TEST_HOST)";
				CODE_SIGN_STYLE = Automatic;
				CURRENT_PROJECT_VERSION = 1;
				GENERATE_INFOPLIST_FILE = YES;
				IPHONEOS_DEPLOYMENT_TARGET = 15.0;
				MACOSX_DEPLOYMENT_TARGET = 12.3;
				MARKETING_VERSION = 1.0;
				PRODUCT_BUNDLE_IDENTIFIER = "vf.images-fetcherTests";
				PRODUCT_NAME = "$(TARGET_NAME)";
				SDKROOT = auto;
				SUPPORTED_PLATFORMS = "iphoneos iphonesimulator";
				SUPPORTS_MACCATALYST = NO;
				SUPPORTS_MAC_DESIGNED_FOR_IPHONE_IPAD = NO;
				SWIFT_EMIT_LOC_STRINGS = NO;
				SWIFT_VERSION = 5.0;
				TARGETED_DEVICE_FAMILY = "1,2";
				TEST_HOST = "$(BUILT_PRODUCTS_DIR)/images-fetcher.app/$(BUNDLE_EXECUTABLE_FOLDER_PATH)/images-fetcher";
			};
			name = Release;
		};
/* End XCBuildConfiguration section */

/* Begin XCConfigurationList section */
		E8EAD18729E0403C0096BB55 /* Build configuration list for PBXProject "images-fetcher" */ = {
			isa = XCConfigurationList;
			buildConfigurations = (
				E8EAD1AF29E0403E0096BB55 /* Debug */,
				E8EAD1B029E0403E0096BB55 /* Release */,
			);
			defaultConfigurationIsVisible = 0;
			defaultConfigurationName = Release;
		};
		E8EAD1B129E0403E0096BB55 /* Build configuration list for PBXNativeTarget "images-fetcher" */ = {
			isa = XCConfigurationList;
			buildConfigurations = (
				E8EAD1B229E0403E0096BB55 /* Debug */,
				E8EAD1B329E0403E0096BB55 /* Release */,
			);
			defaultConfigurationIsVisible = 0;
			defaultConfigurationName = Release;
		};
		E8EAD1B429E0403E0096BB55 /* Build configuration list for PBXNativeTarget "images-fetcherTests" */ = {
			isa = XCConfigurationList;
			buildConfigurations = (
				E8EAD1B529E0403E0096BB55 /* Debug */,
				E8EAD1B629E0403E0096BB55 /* Release */,
			);
			defaultConfigurationIsVisible = 0;
			defaultConfigurationName = Release;
		};
/* End XCConfigurationList section */

/* Begin XCRemoteSwiftPackageReference section */
		E8EAD1F829E06A2C0096BB55 /* XCRemoteSwiftPackageReference "SDWebImage" */ = {
			isa = XCRemoteSwiftPackageReference;
			repositoryURL = "https://github.com/SDWebImage/SDWebImage.git";
			requirement = {
				kind = exactVersion;
				version = 5.9.5;
			};
		};
/* End XCRemoteSwiftPackageReference section */

/* Begin XCSwiftPackageProductDependency section */
		E8EAD1F929E06A2C0096BB55 /* SDWebImage */ = {
			isa = XCSwiftPackageProductDependency;
			package = E8EAD1F829E06A2C0096BB55 /* XCRemoteSwiftPackageReference "SDWebImage" */;
			productName = SDWebImage;
		};
		E8EAD20529E06F540096BB55 /* SDWebImage */ = {
			isa = XCSwiftPackageProductDependency;
			package = E8EAD1F829E06A2C0096BB55 /* XCRemoteSwiftPackageReference "SDWebImage" */;
			productName = SDWebImage;
		};
/* End XCSwiftPackageProductDependency section */
	};
	rootObject = E8EAD18429E0403C0096BB55 /* Project object */;
}
